
Microsoft Visual Studio Solution File, Format Version 12.00
# Visual Studio Version 16
VisualStudioVersion = 16.0.30907.101
MinimumVisualStudioVersion = 10.0.40219.1
Project("{FAE04EC0-301F-11D3-BF4B-00C04F79EFBC}") = "NetCoreAPISQL", "NetCoreAPISQL\NetCoreAPISQL.csproj", "{52448A32-94CB-4043-BFF9-5401FE37D370}"
EndProject
Global
	GlobalSection(SolutionConfigurationPlatforms) = preSolution
		Debug|Any CPU = Debug|Any CPU
		Release|Any CPU = Release|Any CPU
	EndGlobalSection
	GlobalSection(ProjectConfigurationPlatforms) = postSolution
		{52448A32-94CB-4043-BFF9-5401FE37D370}.Debug|Any CPU.ActiveCfg = Debug|Any CPU
		{52448A32-94CB-4043-BFF9-5401FE37D370}.Debug|Any CPU.Build.0 = Debug|Any CPU
		{52448A32-94CB-4043-BFF9-5401FE37D370}.Release|Any CPU.ActiveCfg = Release|Any CPU
		{52448A32-94CB-4043-BFF9-5401FE37D370}.Release|Any CPU.Build.0 = Release|Any CPU
	EndGlobalSection
	GlobalSection(SolutionProperties) = preSolution
		HideSolutionNode = FALSE
	EndGlobalSection
	GlobalSection(ExtensibilityGlobals) = postSolution
		SolutionGuid = {759B5734-2972-447F-BBB4-889A2764AFAE}
	EndGlobalSection
EndGlobal
